// !$*UTF8*$!
{
	archiveVersion = 1;
	classes = {
	};
	objectVersion = 56;
	objects = {

/* Begin PBXBuildFile section */
		B32BE32D2BEA797D000A1102 /* AppDelegate.swift in Sources */ = {isa = PBXBuildFile; fileRef = B32BE32C2BEA797D000A1102 /* AppDelegate.swift */; };
		B32BE3302BEA79BB000A1102 /* FirebaseAnalytics in Frameworks */ = {isa = PBXBuildFile; productRef = B32BE32F2BEA79BB000A1102 /* FirebaseAnalytics */; };
		B32BE3322BEA79BB000A1102 /* FirebaseAnalyticsOnDeviceConversion in Frameworks */ = {isa = PBXBuildFile; productRef = B32BE3312BEA79BB000A1102 /* FirebaseAnalyticsOnDeviceConversion */; };
		B32BE3342BEA79BB000A1102 /* FirebaseAnalyticsSwift in Frameworks */ = {isa = PBXBuildFile; productRef = B32BE3332BEA79BB000A1102 /* FirebaseAnalyticsSwift */; };
		B32BE3362BEA79BB000A1102 /* FirebaseAnalyticsWithoutAdIdSupport in Frameworks */ = {isa = PBXBuildFile; productRef = B32BE3352BEA79BB000A1102 /* FirebaseAnalyticsWithoutAdIdSupport */; };
		B32BE3382BEA79BB000A1102 /* FirebaseAppCheck in Frameworks */ = {isa = PBXBuildFile; productRef = B32BE3372BEA79BB000A1102 /* FirebaseAppCheck */; };
		B32BE33B2BEA79E4000A1102 /* GoogleSignIn in Frameworks */ = {isa = PBXBuildFile; productRef = B32BE33A2BEA79E4000A1102 /* GoogleSignIn */; };
		B32BE33D2BEA79E4000A1102 /* GoogleSignInSwift in Frameworks */ = {isa = PBXBuildFile; productRef = B32BE33C2BEA79E4000A1102 /* GoogleSignInSwift */; };
		B32BE3402BEA7AF9000A1102 /* Application_Utility.swift in Sources */ = {isa = PBXBuildFile; fileRef = B32BE33F2BEA7AF9000A1102 /* Application_Utility.swift */; };
		B32BE3432BEA7C8B000A1102 /* FirebaseAuth in Frameworks */ = {isa = PBXBuildFile; productRef = B32BE3422BEA7C8B000A1102 /* FirebaseAuth */; };
		B32BE3452BEA7D55000A1102 /* GoogleService-Info.plist in Resources */ = {isa = PBXBuildFile; fileRef = B32BE3442BEA7D55000A1102 /* GoogleService-Info.plist */; };
		B32BE3492BEA7DE3000A1102 /* FirebaseManager.swift in Sources */ = {isa = PBXBuildFile; fileRef = B32BE3482BEA7DE3000A1102 /* FirebaseManager.swift */; };
		B32BE34B2BEA86F6000A1102 /* FirebaseFirestoreSwift in Frameworks */ = {isa = PBXBuildFile; productRef = B32BE34A2BEA86F6000A1102 /* FirebaseFirestoreSwift */; };
		B3779BCE2BF26F7800587C2C /* AppStateHandler.swift in Sources */ = {isa = PBXBuildFile; fileRef = B3779BCD2BF26F7800587C2C /* AppStateHandler.swift */; };
		B3B60FA02BE3DFC80048E8BC /* Course_CyclopediaApp.swift in Sources */ = {isa = PBXBuildFile; fileRef = B3B60F9F2BE3DFC80048E8BC /* Course_CyclopediaApp.swift */; };
		B3B60FA22BE3DFC80048E8BC /* ContentView.swift in Sources */ = {isa = PBXBuildFile; fileRef = B3B60FA12BE3DFC80048E8BC /* ContentView.swift */; };
		B3B60FA42BE3DFC90048E8BC /* Assets.xcassets in Resources */ = {isa = PBXBuildFile; fileRef = B3B60FA32BE3DFC90048E8BC /* Assets.xcassets */; };
		B3B60FA72BE3DFC90048E8BC /* Preview Assets.xcassets in Resources */ = {isa = PBXBuildFile; fileRef = B3B60FA62BE3DFC90048E8BC /* Preview Assets.xcassets */; };
		B3B60FB12BE3F6000048E8BC /* LogInView.swift in Sources */ = {isa = PBXBuildFile; fileRef = B3B60FB02BE3F6000048E8BC /* LogInView.swift */; };
		B3B60FB32BE3F60C0048E8BC /* ProfileView.swift in Sources */ = {isa = PBXBuildFile; fileRef = B3B60FB22BE3F60C0048E8BC /* ProfileView.swift */; };
		B3B60FB52BE3F6E50048E8BC /* GoogleAuthenticationViewModel.swift in Sources */ = {isa = PBXBuildFile; fileRef = B3B60FB42BE3F6E50048E8BC /* GoogleAuthenticationViewModel.swift */; };
		B3B60FB72BE3F6FB0048E8BC /* User.swift in Sources */ = {isa = PBXBuildFile; fileRef = B3B60FB62BE3F6FB0048E8BC /* User.swift */; };
		B3F64F8B2C04CBC80039FBEB /* WebService.swift in Sources */ = {isa = PBXBuildFile; fileRef = B3F64F8A2C04CBC80039FBEB /* WebService.swift */; };
		B3F64F8D2C04CFF80039FBEB /* UserAccount.swift in Sources */ = {isa = PBXBuildFile; fileRef = B3F64F8C2C04CFF80039FBEB /* UserAccount.swift */; };
		B3F64F912C04F84E0039FBEB /* TokenManager.swift in Sources */ = {isa = PBXBuildFile; fileRef = B3F64F902C04F84E0039FBEB /* TokenManager.swift */; };
		B3F64F942C04F8F50039FBEB /* KeychainAccess in Frameworks */ = {isa = PBXBuildFile; productRef = B3F64F932C04F8F50039FBEB /* KeychainAccess */; };
		B3F64F972C0500A10039FBEB /* JWTDecode in Frameworks */ = {isa = PBXBuildFile; productRef = B3F64F962C0500A10039FBEB /* JWTDecode */; };
		B3F64F992C0501760039FBEB /* APIManager.swift in Sources */ = {isa = PBXBuildFile; fileRef = B3F64F982C0501760039FBEB /* APIManager.swift */; };
		BCBA8F1A2BE91C6F002336FF /* Color.swift in Sources */ = {isa = PBXBuildFile; fileRef = BCBA8F192BE91C6F002336FF /* Color.swift */; };
		BCBDF25E2BE92249002FBFEE /* WishlistView.swift in Sources */ = {isa = PBXBuildFile; fileRef = BCBDF25D2BE92249002FBFEE /* WishlistView.swift */; };
		BCBDF2622BE922C1002FBFEE /* Subject.swift in Sources */ = {isa = PBXBuildFile; fileRef = BCBDF2612BE922C1002FBFEE /* Subject.swift */; };
		BCBDF2642BE9239A002FBFEE /* AllSubjectsViewModel.swift in Sources */ = {isa = PBXBuildFile; fileRef = BCBDF2632BE9239A002FBFEE /* AllSubjectsViewModel.swift */; };
		BCBDF2662BE925B1002FBFEE /* DefaultDataProvider.swift in Sources */ = {isa = PBXBuildFile; fileRef = BCBDF2652BE925B1002FBFEE /* DefaultDataProvider.swift */; };
		BCBDF2682BE93056002FBFEE /* SubjectDetailView.swift in Sources */ = {isa = PBXBuildFile; fileRef = BCBDF2672BE93056002FBFEE /* SubjectDetailView.swift */; };
/* End PBXBuildFile section */

/* Begin PBXFileReference section */
		B32BE32C2BEA797D000A1102 /* AppDelegate.swift */ = {isa = PBXFileReference; lastKnownFileType = sourcecode.swift; path = AppDelegate.swift; sourceTree = "<group>"; };
		B32BE33F2BEA7AF9000A1102 /* Application_Utility.swift */ = {isa = PBXFileReference; lastKnownFileType = sourcecode.swift; path = Application_Utility.swift; sourceTree = "<group>"; };
		B32BE3442BEA7D55000A1102 /* GoogleService-Info.plist */ = {isa = PBXFileReference; fileEncoding = 4; lastKnownFileType = text.plist.xml; path = "GoogleService-Info.plist"; sourceTree = "<group>"; };
		B32BE3462BEA7D70000A1102 /* Course-Cyclopedia-Info.plist */ = {isa = PBXFileReference; lastKnownFileType = text.plist; path = "Course-Cyclopedia-Info.plist"; sourceTree = SOURCE_ROOT; };
		B32BE3482BEA7DE3000A1102 /* FirebaseManager.swift */ = {isa = PBXFileReference; lastKnownFileType = sourcecode.swift; path = FirebaseManager.swift; sourceTree = "<group>"; };
		B3779BCD2BF26F7800587C2C /* AppStateHandler.swift */ = {isa = PBXFileReference; lastKnownFileType = sourcecode.swift; path = AppStateHandler.swift; sourceTree = "<group>"; };
		B3B60F9C2BE3DFC80048E8BC /* Course Cyclopedia.app */ = {isa = PBXFileReference; explicitFileType = wrapper.application; includeInIndex = 0; path = "Course Cyclopedia.app"; sourceTree = BUILT_PRODUCTS_DIR; };
		B3B60F9F2BE3DFC80048E8BC /* Course_CyclopediaApp.swift */ = {isa = PBXFileReference; lastKnownFileType = sourcecode.swift; path = Course_CyclopediaApp.swift; sourceTree = "<group>"; };
		B3B60FA12BE3DFC80048E8BC /* ContentView.swift */ = {isa = PBXFileReference; lastKnownFileType = sourcecode.swift; path = ContentView.swift; sourceTree = "<group>"; };
		B3B60FA32BE3DFC90048E8BC /* Assets.xcassets */ = {isa = PBXFileReference; lastKnownFileType = folder.assetcatalog; path = Assets.xcassets; sourceTree = "<group>"; };
		B3B60FA62BE3DFC90048E8BC /* Preview Assets.xcassets */ = {isa = PBXFileReference; lastKnownFileType = folder.assetcatalog; path = "Preview Assets.xcassets"; sourceTree = "<group>"; };
		B3B60FB02BE3F6000048E8BC /* LogInView.swift */ = {isa = PBXFileReference; lastKnownFileType = sourcecode.swift; path = LogInView.swift; sourceTree = "<group>"; };
		B3B60FB22BE3F60C0048E8BC /* ProfileView.swift */ = {isa = PBXFileReference; lastKnownFileType = sourcecode.swift; path = ProfileView.swift; sourceTree = "<group>"; };
		B3B60FB42BE3F6E50048E8BC /* GoogleAuthenticationViewModel.swift */ = {isa = PBXFileReference; lastKnownFileType = sourcecode.swift; path = GoogleAuthenticationViewModel.swift; sourceTree = "<group>"; };
		B3B60FB62BE3F6FB0048E8BC /* User.swift */ = {isa = PBXFileReference; lastKnownFileType = sourcecode.swift; path = User.swift; sourceTree = "<group>"; };
		B3F64F8A2C04CBC80039FBEB /* WebService.swift */ = {isa = PBXFileReference; lastKnownFileType = sourcecode.swift; path = WebService.swift; sourceTree = "<group>"; };
		B3F64F8C2C04CFF80039FBEB /* UserAccount.swift */ = {isa = PBXFileReference; lastKnownFileType = sourcecode.swift; path = UserAccount.swift; sourceTree = "<group>"; };
		B3F64F902C04F84E0039FBEB /* TokenManager.swift */ = {isa = PBXFileReference; lastKnownFileType = sourcecode.swift; path = TokenManager.swift; sourceTree = "<group>"; };
		B3F64F982C0501760039FBEB /* APIManager.swift */ = {isa = PBXFileReference; lastKnownFileType = sourcecode.swift; path = APIManager.swift; sourceTree = "<group>"; };
		BCBA8F192BE91C6F002336FF /* Color.swift */ = {isa = PBXFileReference; lastKnownFileType = sourcecode.swift; path = Color.swift; sourceTree = "<group>"; };
		BCBDF25D2BE92249002FBFEE /* WishlistView.swift */ = {isa = PBXFileReference; lastKnownFileType = sourcecode.swift; path = WishlistView.swift; sourceTree = "<group>"; };
		BCBDF2612BE922C1002FBFEE /* Subject.swift */ = {isa = PBXFileReference; lastKnownFileType = sourcecode.swift; path = Subject.swift; sourceTree = "<group>"; };
		BCBDF2632BE9239A002FBFEE /* AllSubjectsViewModel.swift */ = {isa = PBXFileReference; lastKnownFileType = sourcecode.swift; path = AllSubjectsViewModel.swift; sourceTree = "<group>"; };
		BCBDF2652BE925B1002FBFEE /* DefaultDataProvider.swift */ = {isa = PBXFileReference; lastKnownFileType = sourcecode.swift; path = DefaultDataProvider.swift; sourceTree = "<group>"; };
		BCBDF2672BE93056002FBFEE /* SubjectDetailView.swift */ = {isa = PBXFileReference; lastKnownFileType = sourcecode.swift; path = SubjectDetailView.swift; sourceTree = "<group>"; };
/* End PBXFileReference section */

/* Begin PBXFrameworksBuildPhase section */
		B3B60F992BE3DFC80048E8BC /* Frameworks */ = {
			isa = PBXFrameworksBuildPhase;
			buildActionMask = 2147483647;
			files = (
				B32BE3342BEA79BB000A1102 /* FirebaseAnalyticsSwift in Frameworks */,
				B32BE3302BEA79BB000A1102 /* FirebaseAnalytics in Frameworks */,
				B32BE33D2BEA79E4000A1102 /* GoogleSignInSwift in Frameworks */,
				B3F64F972C0500A10039FBEB /* JWTDecode in Frameworks */,
				B32BE3322BEA79BB000A1102 /* FirebaseAnalyticsOnDeviceConversion in Frameworks */,
				B3F64F942C04F8F50039FBEB /* KeychainAccess in Frameworks */,
				B32BE3382BEA79BB000A1102 /* FirebaseAppCheck in Frameworks */,
				B32BE3362BEA79BB000A1102 /* FirebaseAnalyticsWithoutAdIdSupport in Frameworks */,
				B32BE33B2BEA79E4000A1102 /* GoogleSignIn in Frameworks */,
				B32BE3432BEA7C8B000A1102 /* FirebaseAuth in Frameworks */,
				B32BE34B2BEA86F6000A1102 /* FirebaseFirestoreSwift in Frameworks */,
			);
			runOnlyForDeploymentPostprocessing = 0;
		};
/* End PBXFrameworksBuildPhase section */

/* Begin PBXGroup section */
		B32BE32B2BEA7962000A1102 /* Configuration */ = {
			isa = PBXGroup;
			children = (
				B32BE32C2BEA797D000A1102 /* AppDelegate.swift */,
			);
			path = Configuration;
			sourceTree = "<group>";
		};
		B32BE33E2BEA7AE6000A1102 /* Utility */ = {
			isa = PBXGroup;
			children = (
				B32BE33F2BEA7AF9000A1102 /* Application_Utility.swift */,
			);
			path = Utility;
			sourceTree = "<group>";
		};
		B32BE3412BEA7C8A000A1102 /* Frameworks */ = {
			isa = PBXGroup;
			children = (
			);
			name = Frameworks;
			sourceTree = "<group>";
		};
		B3779BCC2BF26F5B00587C2C /* Handler */ = {
			isa = PBXGroup;
			children = (
				B3779BCD2BF26F7800587C2C /* AppStateHandler.swift */,
			);
			path = Handler;
			sourceTree = "<group>";
		};
		B3779BCF2BF2704900587C2C /* Manager */ = {
			isa = PBXGroup;
			children = (
				B32BE3482BEA7DE3000A1102 /* FirebaseManager.swift */,
				B3F64F902C04F84E0039FBEB /* TokenManager.swift */,
				B3F64F982C0501760039FBEB /* APIManager.swift */,
			);
			path = Manager;
			sourceTree = "<group>";
		};
		B3B60F932BE3DFC80048E8BC = {
			isa = PBXGroup;
			children = (
				B3B60F9E2BE3DFC80048E8BC /* Course Cyclopedia */,
				B3B60F9D2BE3DFC80048E8BC /* Products */,
				B32BE3412BEA7C8A000A1102 /* Frameworks */,
			);
			sourceTree = "<group>";
		};
		B3B60F9D2BE3DFC80048E8BC /* Products */ = {
			isa = PBXGroup;
			children = (
				B3B60F9C2BE3DFC80048E8BC /* Course Cyclopedia.app */,
			);
			name = Products;
			sourceTree = "<group>";
		};
		B3B60F9E2BE3DFC80048E8BC /* Course Cyclopedia */ = {
			isa = PBXGroup;
			children = (
				B3779BCF2BF2704900587C2C /* Manager */,
				B3779BCC2BF26F5B00587C2C /* Handler */,
				B32BE3462BEA7D70000A1102 /* Course-Cyclopedia-Info.plist */,
				B32BE3442BEA7D55000A1102 /* GoogleService-Info.plist */,
				B32BE33E2BEA7AE6000A1102 /* Utility */,
				B32BE32B2BEA7962000A1102 /* Configuration */,
				BCBA8F182BE91C64002336FF /* Extensions */,
				B3B60FAF2BE3F5E90048E8BC /* ViewModel */,
				B3B60FAE2BE3F5DF0048E8BC /* View */,
				B3B60FAD2BE3F5D30048E8BC /* Model */,
				B3B60F9F2BE3DFC80048E8BC /* Course_CyclopediaApp.swift */,
				B3B60FA12BE3DFC80048E8BC /* ContentView.swift */,
				B3B60FA32BE3DFC90048E8BC /* Assets.xcassets */,
				B3B60FA52BE3DFC90048E8BC /* Preview Content */,
			);
			path = "Course Cyclopedia";
			sourceTree = "<group>";
		};
		B3B60FA52BE3DFC90048E8BC /* Preview Content */ = {
			isa = PBXGroup;
			children = (
				B3B60FA62BE3DFC90048E8BC /* Preview Assets.xcassets */,
			);
			path = "Preview Content";
			sourceTree = "<group>";
		};
		B3B60FAD2BE3F5D30048E8BC /* Model */ = {
			isa = PBXGroup;
			children = (
				B3B60FB62BE3F6FB0048E8BC /* User.swift */,
				BCBDF2612BE922C1002FBFEE /* Subject.swift */,
				B3F64F8C2C04CFF80039FBEB /* UserAccount.swift */,
			);
			path = Model;
			sourceTree = "<group>";
		};
		B3B60FAE2BE3F5DF0048E8BC /* View */ = {
			isa = PBXGroup;
			children = (
				B3B60FB02BE3F6000048E8BC /* LogInView.swift */,
				B3B60FB22BE3F60C0048E8BC /* ProfileView.swift */,
				BCBDF25D2BE92249002FBFEE /* WishlistView.swift */,
				BCBDF2672BE93056002FBFEE /* SubjectDetailView.swift */,
			);
			path = View;
			sourceTree = "<group>";
		};
		B3B60FAF2BE3F5E90048E8BC /* ViewModel */ = {
			isa = PBXGroup;
			children = (
				B3B60FB42BE3F6E50048E8BC /* GoogleAuthenticationViewModel.swift */,
				BCBDF2632BE9239A002FBFEE /* AllSubjectsViewModel.swift */,
				BCBDF2652BE925B1002FBFEE /* DefaultDataProvider.swift */,
				B3F64F8A2C04CBC80039FBEB /* WebService.swift */,
			);
			path = ViewModel;
			sourceTree = "<group>";
		};
		BCBA8F182BE91C64002336FF /* Extensions */ = {
			isa = PBXGroup;
			children = (
				BCBA8F192BE91C6F002336FF /* Color.swift */,
			);
			path = Extensions;
			sourceTree = "<group>";
		};
/* End PBXGroup section */

/* Begin PBXNativeTarget section */
		B3B60F9B2BE3DFC80048E8BC /* Course Cyclopedia */ = {
			isa = PBXNativeTarget;
			buildConfigurationList = B3B60FAA2BE3DFC90048E8BC /* Build configuration list for PBXNativeTarget "Course Cyclopedia" */;
			buildPhases = (
				B3B60F982BE3DFC80048E8BC /* Sources */,
				B3B60F992BE3DFC80048E8BC /* Frameworks */,
				B3B60F9A2BE3DFC80048E8BC /* Resources */,
			);
			buildRules = (
			);
			dependencies = (
			);
			name = "Course Cyclopedia";
			packageProductDependencies = (
				B32BE32F2BEA79BB000A1102 /* FirebaseAnalytics */,
				B32BE3312BEA79BB000A1102 /* FirebaseAnalyticsOnDeviceConversion */,
				B32BE3332BEA79BB000A1102 /* FirebaseAnalyticsSwift */,
				B32BE3352BEA79BB000A1102 /* FirebaseAnalyticsWithoutAdIdSupport */,
				B32BE3372BEA79BB000A1102 /* FirebaseAppCheck */,
				B32BE33A2BEA79E4000A1102 /* GoogleSignIn */,
				B32BE33C2BEA79E4000A1102 /* GoogleSignInSwift */,
				B32BE3422BEA7C8B000A1102 /* FirebaseAuth */,
				B32BE34A2BEA86F6000A1102 /* FirebaseFirestoreSwift */,
				B3F64F932C04F8F50039FBEB /* KeychainAccess */,
				B3F64F962C0500A10039FBEB /* JWTDecode */,
			);
			productName = "Course Cyclopedia";
			productReference = B3B60F9C2BE3DFC80048E8BC /* Course Cyclopedia.app */;
			productType = "com.apple.product-type.application";
		};
/* End PBXNativeTarget section */

/* Begin PBXProject section */
		B3B60F942BE3DFC80048E8BC /* Project object */ = {
			isa = PBXProject;
			attributes = {
				BuildIndependentTargetsInParallel = 1;
				LastSwiftUpdateCheck = 1520;
				LastUpgradeCheck = 1520;
				TargetAttributes = {
					B3B60F9B2BE3DFC80048E8BC = {
						CreatedOnToolsVersion = 15.2;
					};
				};
			};
			buildConfigurationList = B3B60F972BE3DFC80048E8BC /* Build configuration list for PBXProject "Course Cyclopedia" */;
			compatibilityVersion = "Xcode 14.0";
			developmentRegion = en;
			hasScannedForEncodings = 0;
			knownRegions = (
				en,
				Base,
			);
			mainGroup = B3B60F932BE3DFC80048E8BC;
			packageReferences = (
				B32BE32E2BEA79BB000A1102 /* XCRemoteSwiftPackageReference "firebase-ios-sdk" */,
				B32BE3392BEA79E4000A1102 /* XCRemoteSwiftPackageReference "GoogleSignIn-iOS" */,
				B3F64F922C04F8F50039FBEB /* XCRemoteSwiftPackageReference "KeychainAccess" */,
				B3F64F952C0500A10039FBEB /* XCRemoteSwiftPackageReference "JWTDecode" */,
			);
			productRefGroup = B3B60F9D2BE3DFC80048E8BC /* Products */;
			projectDirPath = "";
			projectRoot = "";
			targets = (
				B3B60F9B2BE3DFC80048E8BC /* Course Cyclopedia */,
			);
		};
/* End PBXProject section */

/* Begin PBXResourcesBuildPhase section */
		B3B60F9A2BE3DFC80048E8BC /* Resources */ = {
			isa = PBXResourcesBuildPhase;
			buildActionMask = 2147483647;
			files = (
				B3B60FA72BE3DFC90048E8BC /* Preview Assets.xcassets in Resources */,
				B3B60FA42BE3DFC90048E8BC /* Assets.xcassets in Resources */,
				B32BE3452BEA7D55000A1102 /* GoogleService-Info.plist in Resources */,
			);
			runOnlyForDeploymentPostprocessing = 0;
		};
/* End PBXResourcesBuildPhase section */

/* Begin PBXSourcesBuildPhase section */
		B3B60F982BE3DFC80048E8BC /* Sources */ = {
			isa = PBXSourcesBuildPhase;
			buildActionMask = 2147483647;
			files = (
				BCBDF2682BE93056002FBFEE /* SubjectDetailView.swift in Sources */,
				BCBDF2662BE925B1002FBFEE /* DefaultDataProvider.swift in Sources */,
				B3F64F8D2C04CFF80039FBEB /* UserAccount.swift in Sources */,
				B3B60FB32BE3F60C0048E8BC /* ProfileView.swift in Sources */,
				B3B60FB12BE3F6000048E8BC /* LogInView.swift in Sources */,
				B3F64F8B2C04CBC80039FBEB /* WebService.swift in Sources */,
				BCBA8F1A2BE91C6F002336FF /* Color.swift in Sources */,
				B3F64F912C04F84E0039FBEB /* TokenManager.swift in Sources */,
				B3B60FB72BE3F6FB0048E8BC /* User.swift in Sources */,
				B3779BCE2BF26F7800587C2C /* AppStateHandler.swift in Sources */,
				B3B60FA22BE3DFC80048E8BC /* ContentView.swift in Sources */,
				B3B60FB52BE3F6E50048E8BC /* GoogleAuthenticationViewModel.swift in Sources */,
				B3F64F992C0501760039FBEB /* APIManager.swift in Sources */,
				B32BE32D2BEA797D000A1102 /* AppDelegate.swift in Sources */,
				B3B60FA02BE3DFC80048E8BC /* Course_CyclopediaApp.swift in Sources */,
				BCBDF2642BE9239A002FBFEE /* AllSubjectsViewModel.swift in Sources */,
				B32BE3402BEA7AF9000A1102 /* Application_Utility.swift in Sources */,
				B32BE3492BEA7DE3000A1102 /* FirebaseManager.swift in Sources */,
				BCBDF2622BE922C1002FBFEE /* Subject.swift in Sources */,
				BCBDF25E2BE92249002FBFEE /* WishlistView.swift in Sources */,
			);
			runOnlyForDeploymentPostprocessing = 0;
		};
/* End PBXSourcesBuildPhase section */

/* Begin XCBuildConfiguration section */
		B3B60FA82BE3DFC90048E8BC /* Debug */ = {
			isa = XCBuildConfiguration;
			buildSettings = {
				ALWAYS_SEARCH_USER_PATHS = NO;
				ASSETCATALOG_COMPILER_GENERATE_SWIFT_ASSET_SYMBOL_EXTENSIONS = YES;
				CLANG_ANALYZER_NONNULL = YES;
				CLANG_ANALYZER_NUMBER_OBJECT_CONVERSION = YES_AGGRESSIVE;
				CLANG_CXX_LANGUAGE_STANDARD = "gnu++20";
				CLANG_ENABLE_MODULES = YES;
				CLANG_ENABLE_OBJC_ARC = YES;
				CLANG_ENABLE_OBJC_WEAK = YES;
				CLANG_WARN_BLOCK_CAPTURE_AUTORELEASING = YES;
				CLANG_WARN_BOOL_CONVERSION = YES;
				CLANG_WARN_COMMA = YES;
				CLANG_WARN_CONSTANT_CONVERSION = YES;
				CLANG_WARN_DEPRECATED_OBJC_IMPLEMENTATIONS = YES;
				CLANG_WARN_DIRECT_OBJC_ISA_USAGE = YES_ERROR;
				CLANG_WARN_DOCUMENTATION_COMMENTS = YES;
				CLANG_WARN_EMPTY_BODY = YES;
				CLANG_WARN_ENUM_CONVERSION = YES;
				CLANG_WARN_INFINITE_RECURSION = YES;
				CLANG_WARN_INT_CONVERSION = YES;
				CLANG_WARN_NON_LITERAL_NULL_CONVERSION = YES;
				CLANG_WARN_OBJC_IMPLICIT_RETAIN_SELF = YES;
				CLANG_WARN_OBJC_LITERAL_CONVERSION = YES;
				CLANG_WARN_OBJC_ROOT_CLASS = YES_ERROR;
				CLANG_WARN_QUOTED_INCLUDE_IN_FRAMEWORK_HEADER = YES;
				CLANG_WARN_RANGE_LOOP_ANALYSIS = YES;
				CLANG_WARN_STRICT_PROTOTYPES = YES;
				CLANG_WARN_SUSPICIOUS_MOVE = YES;
				CLANG_WARN_UNGUARDED_AVAILABILITY = YES_AGGRESSIVE;
				CLANG_WARN_UNREACHABLE_CODE = YES;
				CLANG_WARN__DUPLICATE_METHOD_MATCH = YES;
				COPY_PHASE_STRIP = NO;
				DEBUG_INFORMATION_FORMAT = dwarf;
				ENABLE_STRICT_OBJC_MSGSEND = YES;
				ENABLE_TESTABILITY = YES;
				ENABLE_USER_SCRIPT_SANDBOXING = YES;
				GCC_C_LANGUAGE_STANDARD = gnu17;
				GCC_DYNAMIC_NO_PIC = NO;
				GCC_NO_COMMON_BLOCKS = YES;
				GCC_OPTIMIZATION_LEVEL = 0;
				GCC_PREPROCESSOR_DEFINITIONS = (
					"DEBUG=1",
					"$(inherited)",
				);
				GCC_WARN_64_TO_32_BIT_CONVERSION = YES;
				GCC_WARN_ABOUT_RETURN_TYPE = YES_ERROR;
				GCC_WARN_UNDECLARED_SELECTOR = YES;
				GCC_WARN_UNINITIALIZED_AUTOS = YES_AGGRESSIVE;
				GCC_WARN_UNUSED_FUNCTION = YES;
				GCC_WARN_UNUSED_VARIABLE = YES;
				IPHONEOS_DEPLOYMENT_TARGET = 17.2;
				LOCALIZATION_PREFERS_STRING_CATALOGS = YES;
				MTL_ENABLE_DEBUG_INFO = INCLUDE_SOURCE;
				MTL_FAST_MATH = YES;
				ONLY_ACTIVE_ARCH = YES;
				SDKROOT = iphoneos;
				SWIFT_ACTIVE_COMPILATION_CONDITIONS = "DEBUG $(inherited)";
				SWIFT_OPTIMIZATION_LEVEL = "-Onone";
			};
			name = Debug;
		};
		B3B60FA92BE3DFC90048E8BC /* Release */ = {
			isa = XCBuildConfiguration;
			buildSettings = {
				ALWAYS_SEARCH_USER_PATHS = NO;
				ASSETCATALOG_COMPILER_GENERATE_SWIFT_ASSET_SYMBOL_EXTENSIONS = YES;
				CLANG_ANALYZER_NONNULL = YES;
				CLANG_ANALYZER_NUMBER_OBJECT_CONVERSION = YES_AGGRESSIVE;
				CLANG_CXX_LANGUAGE_STANDARD = "gnu++20";
				CLANG_ENABLE_MODULES = YES;
				CLANG_ENABLE_OBJC_ARC = YES;
				CLANG_ENABLE_OBJC_WEAK = YES;
				CLANG_WARN_BLOCK_CAPTURE_AUTORELEASING = YES;
				CLANG_WARN_BOOL_CONVERSION = YES;
				CLANG_WARN_COMMA = YES;
				CLANG_WARN_CONSTANT_CONVERSION = YES;
				CLANG_WARN_DEPRECATED_OBJC_IMPLEMENTATIONS = YES;
				CLANG_WARN_DIRECT_OBJC_ISA_USAGE = YES_ERROR;
				CLANG_WARN_DOCUMENTATION_COMMENTS = YES;
				CLANG_WARN_EMPTY_BODY = YES;
				CLANG_WARN_ENUM_CONVERSION = YES;
				CLANG_WARN_INFINITE_RECURSION = YES;
				CLANG_WARN_INT_CONVERSION = YES;
				CLANG_WARN_NON_LITERAL_NULL_CONVERSION = YES;
				CLANG_WARN_OBJC_IMPLICIT_RETAIN_SELF = YES;
				CLANG_WARN_OBJC_LITERAL_CONVERSION = YES;
				CLANG_WARN_OBJC_ROOT_CLASS = YES_ERROR;
				CLANG_WARN_QUOTED_INCLUDE_IN_FRAMEWORK_HEADER = YES;
				CLANG_WARN_RANGE_LOOP_ANALYSIS = YES;
				CLANG_WARN_STRICT_PROTOTYPES = YES;
				CLANG_WARN_SUSPICIOUS_MOVE = YES;
				CLANG_WARN_UNGUARDED_AVAILABILITY = YES_AGGRESSIVE;
				CLANG_WARN_UNREACHABLE_CODE = YES;
				CLANG_WARN__DUPLICATE_METHOD_MATCH = YES;
				COPY_PHASE_STRIP = NO;
				DEBUG_INFORMATION_FORMAT = "dwarf-with-dsym";
				ENABLE_NS_ASSERTIONS = NO;
				ENABLE_STRICT_OBJC_MSGSEND = YES;
				ENABLE_USER_SCRIPT_SANDBOXING = YES;
				GCC_C_LANGUAGE_STANDARD = gnu17;
				GCC_NO_COMMON_BLOCKS = YES;
				GCC_WARN_64_TO_32_BIT_CONVERSION = YES;
				GCC_WARN_ABOUT_RETURN_TYPE = YES_ERROR;
				GCC_WARN_UNDECLARED_SELECTOR = YES;
				GCC_WARN_UNINITIALIZED_AUTOS = YES_AGGRESSIVE;
				GCC_WARN_UNUSED_FUNCTION = YES;
				GCC_WARN_UNUSED_VARIABLE = YES;
				IPHONEOS_DEPLOYMENT_TARGET = 17.2;
				LOCALIZATION_PREFERS_STRING_CATALOGS = YES;
				MTL_ENABLE_DEBUG_INFO = NO;
				MTL_FAST_MATH = YES;
				SDKROOT = iphoneos;
				SWIFT_COMPILATION_MODE = wholemodule;
				VALIDATE_PRODUCT = YES;
			};
			name = Release;
		};
		B3B60FAB2BE3DFC90048E8BC /* Debug */ = {
			isa = XCBuildConfiguration;
			buildSettings = {
				ASSETCATALOG_COMPILER_APPICON_NAME = AppIcon;
				ASSETCATALOG_COMPILER_GLOBAL_ACCENT_COLOR_NAME = AccentColor;
				CODE_SIGN_STYLE = Automatic;
				CURRENT_PROJECT_VERSION = 1;
				DEVELOPMENT_ASSET_PATHS = "\"Course Cyclopedia/Preview Content\"";
				DEVELOPMENT_TEAM = MAFKHQX2GF;
				ENABLE_PREVIEWS = YES;
				GENERATE_INFOPLIST_FILE = YES;
				INFOPLIST_FILE = "Course-Cyclopedia-Info.plist";
				INFOPLIST_KEY_UIApplicationSceneManifest_Generation = YES;
				INFOPLIST_KEY_UIApplicationSupportsIndirectInputEvents = YES;
				INFOPLIST_KEY_UILaunchScreen_Generation = YES;
				INFOPLIST_KEY_UISupportedInterfaceOrientations_iPad = "UIInterfaceOrientationPortrait UIInterfaceOrientationPortraitUpsideDown UIInterfaceOrientationLandscapeLeft UIInterfaceOrientationLandscapeRight";
				INFOPLIST_KEY_UISupportedInterfaceOrientations_iPhone = "UIInterfaceOrientationPortrait UIInterfaceOrientationLandscapeLeft UIInterfaceOrientationLandscapeRight";
				LD_RUNPATH_SEARCH_PATHS = (
					"$(inherited)",
					"@executable_path/Frameworks",
				);
				MARKETING_VERSION = 1.0;
				PRODUCT_BUNDLE_IDENTIFIER = "com.akitodaiki.Course-Cyclopedia";
				PRODUCT_NAME = "$(TARGET_NAME)";
				SWIFT_EMIT_LOC_STRINGS = YES;
				SWIFT_VERSION = 5.0;
				TARGETED_DEVICE_FAMILY = "1,2";
			};
			name = Debug;
		};
		B3B60FAC2BE3DFC90048E8BC /* Release */ = {
			isa = XCBuildConfiguration;
			buildSettings = {
				ASSETCATALOG_COMPILER_APPICON_NAME = AppIcon;
				ASSETCATALOG_COMPILER_GLOBAL_ACCENT_COLOR_NAME = AccentColor;
				CODE_SIGN_STYLE = Automatic;
				CURRENT_PROJECT_VERSION = 1;
				DEVELOPMENT_ASSET_PATHS = "\"Course Cyclopedia/Preview Content\"";
				DEVELOPMENT_TEAM = MAFKHQX2GF;
				ENABLE_PREVIEWS = YES;
				GENERATE_INFOPLIST_FILE = YES;
				INFOPLIST_FILE = "Course-Cyclopedia-Info.plist";
				INFOPLIST_KEY_UIApplicationSceneManifest_Generation = YES;
				INFOPLIST_KEY_UIApplicationSupportsIndirectInputEvents = YES;
				INFOPLIST_KEY_UILaunchScreen_Generation = YES;
				INFOPLIST_KEY_UISupportedInterfaceOrientations_iPad = "UIInterfaceOrientationPortrait UIInterfaceOrientationPortraitUpsideDown UIInterfaceOrientationLandscapeLeft UIInterfaceOrientationLandscapeRight";
				INFOPLIST_KEY_UISupportedInterfaceOrientations_iPhone = "UIInterfaceOrientationPortrait UIInterfaceOrientationLandscapeLeft UIInterfaceOrientationLandscapeRight";
				LD_RUNPATH_SEARCH_PATHS = (
					"$(inherited)",
					"@executable_path/Frameworks",
				);
				MARKETING_VERSION = 1.0;
				PRODUCT_BUNDLE_IDENTIFIER = "com.akitodaiki.Course-Cyclopedia";
				PRODUCT_NAME = "$(TARGET_NAME)";
				SWIFT_EMIT_LOC_STRINGS = YES;
				SWIFT_VERSION = 5.0;
				TARGETED_DEVICE_FAMILY = "1,2";
			};
			name = Release;
		};
/* End XCBuildConfiguration section */

/* Begin XCConfigurationList section */
		B3B60F972BE3DFC80048E8BC /* Build configuration list for PBXProject "Course Cyclopedia" */ = {
			isa = XCConfigurationList;
			buildConfigurations = (
				B3B60FA82BE3DFC90048E8BC /* Debug */,
				B3B60FA92BE3DFC90048E8BC /* Release */,
			);
			defaultConfigurationIsVisible = 0;
			defaultConfigurationName = Release;
		};
		B3B60FAA2BE3DFC90048E8BC /* Build configuration list for PBXNativeTarget "Course Cyclopedia" */ = {
			isa = XCConfigurationList;
			buildConfigurations = (
				B3B60FAB2BE3DFC90048E8BC /* Debug */,
				B3B60FAC2BE3DFC90048E8BC /* Release */,
			);
			defaultConfigurationIsVisible = 0;
			defaultConfigurationName = Release;
		};
/* End XCConfigurationList section */

/* Begin XCRemoteSwiftPackageReference section */
		B32BE32E2BEA79BB000A1102 /* XCRemoteSwiftPackageReference "firebase-ios-sdk" */ = {
			isa = XCRemoteSwiftPackageReference;
			repositoryURL = "https://github.com/firebase/firebase-ios-sdk.git";
			requirement = {
				kind = upToNextMajorVersion;
				minimumVersion = 10.25.0;
			};
		};
		B32BE3392BEA79E4000A1102 /* XCRemoteSwiftPackageReference "GoogleSignIn-iOS" */ = {
			isa = XCRemoteSwiftPackageReference;
			repositoryURL = "https://github.com/google/GoogleSignIn-iOS";
			requirement = {
				kind = upToNextMajorVersion;
				minimumVersion = 7.1.0;
			};
		};
		B3F64F922C04F8F50039FBEB /* XCRemoteSwiftPackageReference "KeychainAccess" */ = {
			isa = XCRemoteSwiftPackageReference;
			repositoryURL = "https://github.com/kishikawakatsumi/KeychainAccess";
			requirement = {
				branch = master;
				kind = branch;
			};
		};
		B3F64F952C0500A10039FBEB /* XCRemoteSwiftPackageReference "JWTDecode" */ = {
			isa = XCRemoteSwiftPackageReference;
			repositoryURL = "https://github.com/auth0/JWTDecode.swift";
			requirement = {
				kind = upToNextMajorVersion;
				minimumVersion = 3.1.0;
			};
		};
/* End XCRemoteSwiftPackageReference section */

/* Begin XCSwiftPackageProductDependency section */
		B32BE32F2BEA79BB000A1102 /* FirebaseAnalytics */ = {
			isa = XCSwiftPackageProductDependency;
			package = B32BE32E2BEA79BB000A1102 /* XCRemoteSwiftPackageReference "firebase-ios-sdk" */;
			productName = FirebaseAnalytics;
		};
		B32BE3312BEA79BB000A1102 /* FirebaseAnalyticsOnDeviceConversion */ = {
			isa = XCSwiftPackageProductDependency;
			package = B32BE32E2BEA79BB000A1102 /* XCRemoteSwiftPackageReference "firebase-ios-sdk" */;
			productName = FirebaseAnalyticsOnDeviceConversion;
		};
		B32BE3332BEA79BB000A1102 /* FirebaseAnalyticsSwift */ = {
			isa = XCSwiftPackageProductDependency;
			package = B32BE32E2BEA79BB000A1102 /* XCRemoteSwiftPackageReference "firebase-ios-sdk" */;
			productName = FirebaseAnalyticsSwift;
		};
		B32BE3352BEA79BB000A1102 /* FirebaseAnalyticsWithoutAdIdSupport */ = {
			isa = XCSwiftPackageProductDependency;
			package = B32BE32E2BEA79BB000A1102 /* XCRemoteSwiftPackageReference "firebase-ios-sdk" */;
			productName = FirebaseAnalyticsWithoutAdIdSupport;
		};
		B32BE3372BEA79BB000A1102 /* FirebaseAppCheck */ = {
			isa = XCSwiftPackageProductDependency;
			package = B32BE32E2BEA79BB000A1102 /* XCRemoteSwiftPackageReference "firebase-ios-sdk" */;
			productName = FirebaseAppCheck;
		};
		B32BE33A2BEA79E4000A1102 /* GoogleSignIn */ = {
			isa = XCSwiftPackageProductDependency;
			package = B32BE3392BEA79E4000A1102 /* XCRemoteSwiftPackageReference "GoogleSignIn-iOS" */;
			productName = GoogleSignIn;
		};
		B32BE33C2BEA79E4000A1102 /* GoogleSignInSwift */ = {
			isa = XCSwiftPackageProductDependency;
			package = B32BE3392BEA79E4000A1102 /* XCRemoteSwiftPackageReference "GoogleSignIn-iOS" */;
			productName = GoogleSignInSwift;
		};
		B32BE3422BEA7C8B000A1102 /* FirebaseAuth */ = {
			isa = XCSwiftPackageProductDependency;
			package = B32BE32E2BEA79BB000A1102 /* XCRemoteSwiftPackageReference "firebase-ios-sdk" */;
			productName = FirebaseAuth;
		};
		B32BE34A2BEA86F6000A1102 /* FirebaseFirestoreSwift */ = {
			isa = XCSwiftPackageProductDependency;
			package = B32BE32E2BEA79BB000A1102 /* XCRemoteSwiftPackageReference "firebase-ios-sdk" */;
			productName = FirebaseFirestoreSwift;
		};
		B3F64F932C04F8F50039FBEB /* KeychainAccess */ = {
			isa = XCSwiftPackageProductDependency;
			package = B3F64F922C04F8F50039FBEB /* XCRemoteSwiftPackageReference "KeychainAccess" */;
			productName = KeychainAccess;
		};
		B3F64F962C0500A10039FBEB /* JWTDecode */ = {
			isa = XCSwiftPackageProductDependency;
			package = B3F64F952C0500A10039FBEB /* XCRemoteSwiftPackageReference "JWTDecode" */;
			productName = JWTDecode;
		};
/* End XCSwiftPackageProductDependency section */
	};
	rootObject = B3B60F942BE3DFC80048E8BC /* Project object */;
}
